
Microsoft Visual Studio Solution File, Format Version 12.00
# Visual Studio Version 17
VisualStudioVersion = 17.5.002.0
MinimumVisualStudioVersion = 10.0.40219.1
Project("{9A19103F-16F7-4668-BE54-9A1E7A4F7556}") = "387", "387.csproj", "{DFC39565-96AE-44CA-BEBA-F9801DCA2C9D}"
EndProject
Global
	GlobalSection(SolutionConfigurationPlatforms) = preSolution
		Debug|Any CPU = Debug|Any CPU
		Release|Any CPU = Release|Any CPU
	EndGlobalSection
	GlobalSection(ProjectConfigurationPlatforms) = postSolution
		{DFC39565-96AE-44CA-BEBA-F9801DCA2C9D}.Debug|Any CPU.ActiveCfg = Debug|Any CPU
		{DFC39565-96AE-44CA-BEBA-F9801DCA2C9D}.Debug|Any CPU.Build.0 = Debug|Any CPU
		{DFC39565-96AE-44CA-BEBA-F9801DCA2C9D}.Release|Any CPU.ActiveCfg = Release|Any CPU
		{DFC39565-96AE-44CA-BEBA-F9801DCA2C9D}.Release|Any CPU.Build.0 = Release|Any CPU
	EndGlobalSection
	GlobalSection(SolutionProperties) = preSolution
		HideSolutionNode = FALSE
	EndGlobalSection
	GlobalSection(ExtensibilityGlobals) = postSolution
		SolutionGuid = {6A6165CC-9759-4D0B-95E1-066AA0CD3BD3}
	EndGlobalSection
EndGlobal
