
Microsoft Visual Studio Solution File, Format Version 12.00
# Visual Studio Version 17
VisualStudioVersion = 17.5.002.0
MinimumVisualStudioVersion = 10.0.40219.1
Project("{9A19103F-16F7-4668-BE54-9A1E7A4F7556}") = "1026", "1026.csproj", "{481E8C04-2370-4AE6-A648-918A696FD88E}"
EndProject
Global
	GlobalSection(SolutionConfigurationPlatforms) = preSolution
		Debug|Any CPU = Debug|Any CPU
		Release|Any CPU = Release|Any CPU
	EndGlobalSection
	GlobalSection(ProjectConfigurationPlatforms) = postSolution
		{481E8C04-2370-4AE6-A648-918A696FD88E}.Debug|Any CPU.ActiveCfg = Debug|Any CPU
		{481E8C04-2370-4AE6-A648-918A696FD88E}.Debug|Any CPU.Build.0 = Debug|Any CPU
		{481E8C04-2370-4AE6-A648-918A696FD88E}.Release|Any CPU.ActiveCfg = Release|Any CPU
		{481E8C04-2370-4AE6-A648-918A696FD88E}.Release|Any CPU.Build.0 = Release|Any CPU
	EndGlobalSection
	GlobalSection(SolutionProperties) = preSolution
		HideSolutionNode = FALSE
	EndGlobalSection
	GlobalSection(ExtensibilityGlobals) = postSolution
		SolutionGuid = {F9BD11BA-9B14-4FA5-BDE2-2AFA2D3C6C0C}
	EndGlobalSection
EndGlobal
