
Microsoft Visual Studio Solution File, Format Version 12.00
# Visual Studio Version 17
VisualStudioVersion = 17.5.002.0
MinimumVisualStudioVersion = 10.0.40219.1
Project("{9A19103F-16F7-4668-BE54-9A1E7A4F7556}") = "938", "938.csproj", "{684C262C-DC25-4863-86E0-450ECA0655D9}"
EndProject
Global
	GlobalSection(SolutionConfigurationPlatforms) = preSolution
		Debug|Any CPU = Debug|Any CPU
		Release|Any CPU = Release|Any CPU
	EndGlobalSection
	GlobalSection(ProjectConfigurationPlatforms) = postSolution
		{684C262C-DC25-4863-86E0-450ECA0655D9}.Debug|Any CPU.ActiveCfg = Debug|Any CPU
		{684C262C-DC25-4863-86E0-450ECA0655D9}.Debug|Any CPU.Build.0 = Debug|Any CPU
		{684C262C-DC25-4863-86E0-450ECA0655D9}.Release|Any CPU.ActiveCfg = Release|Any CPU
		{684C262C-DC25-4863-86E0-450ECA0655D9}.Release|Any CPU.Build.0 = Release|Any CPU
	EndGlobalSection
	GlobalSection(SolutionProperties) = preSolution
		HideSolutionNode = FALSE
	EndGlobalSection
	GlobalSection(ExtensibilityGlobals) = postSolution
		SolutionGuid = {4E30CAC0-3123-4319-AA0E-08E23078A489}
	EndGlobalSection
EndGlobal
