
Microsoft Visual Studio Solution File, Format Version 12.00
# Visual Studio Version 17
VisualStudioVersion = 17.5.002.0
MinimumVisualStudioVersion = 10.0.40219.1
Project("{9A19103F-16F7-4668-BE54-9A1E7A4F7556}") = "1361", "1361.csproj", "{754C7BF5-5B5E-43B3-B685-38DCB6EA671D}"
EndProject
Global
	GlobalSection(SolutionConfigurationPlatforms) = preSolution
		Debug|Any CPU = Debug|Any CPU
		Release|Any CPU = Release|Any CPU
	EndGlobalSection
	GlobalSection(ProjectConfigurationPlatforms) = postSolution
		{754C7BF5-5B5E-43B3-B685-38DCB6EA671D}.Debug|Any CPU.ActiveCfg = Debug|Any CPU
		{754C7BF5-5B5E-43B3-B685-38DCB6EA671D}.Debug|Any CPU.Build.0 = Debug|Any CPU
		{754C7BF5-5B5E-43B3-B685-38DCB6EA671D}.Release|Any CPU.ActiveCfg = Release|Any CPU
		{754C7BF5-5B5E-43B3-B685-38DCB6EA671D}.Release|Any CPU.Build.0 = Release|Any CPU
	EndGlobalSection
	GlobalSection(SolutionProperties) = preSolution
		HideSolutionNode = FALSE
	EndGlobalSection
	GlobalSection(ExtensibilityGlobals) = postSolution
		SolutionGuid = {C1D678D2-27AB-4962-8460-BD6EC8DB4D2A}
	EndGlobalSection
EndGlobal
